// !$*UTF8*$!
{
	archiveVersion = 1;
	classes = {
	};
	objectVersion = 46;
	objects = {

/* Begin PBXBuildFile section */
		3A823C671E45143000A620BA /* main.m in Sources */ = {isa = PBXBuildFile; fileRef = 3A823C661E45143000A620BA /* main.m */; };
		3A823C6A1E45143000A620BA /* AppDelegate.m in Sources */ = {isa = PBXBuildFile; fileRef = 3A823C691E45143000A620BA /* AppDelegate.m */; };
		3A823C6D1E45143000A620BA /* ViewController.m in Sources */ = {isa = PBXBuildFile; fileRef = 3A823C6C1E45143000A620BA /* ViewController.m */; };
		3A823C701E45143000A620BA /* Main.storyboard in Resources */ = {isa = PBXBuildFile; fileRef = 3A823C6E1E45143000A620BA /* Main.storyboard */; };
		3A823C721E45143000A620BA /* Assets.xcassets in Resources */ = {isa = PBXBuildFile; fileRef = 3A823C711E45143000A620BA /* Assets.xcassets */; };
		3A823C751E45143000A620BA /* LaunchScreen.storyboard in Resources */ = {isa = PBXBuildFile; fileRef = 3A823C731E45143000A620BA /* LaunchScreen.storyboard */; };
/* End PBXBuildFile section */

/* Begin PBXFileReference section */
		3A823C621E45143000A620BA /* Word Processor.app */ = {isa = PBXFileReference; explicitFileType = wrapper.application; includeInIndex = 0; path = "Word Processor.app"; sourceTree = BUILT_PRODUCTS_DIR; };
		3A823C661E45143000A620BA /* main.m */ = {isa = PBXFileReference; lastKnownFileType = sourcecode.c.objc; path = main.m; sourceTree = "<group>"; };
		3A823C681E45143000A620BA /* AppDelegate.h */ = {isa = PBXFileReference; lastKnownFileType = sourcecode.c.h; path = AppDelegate.h; sourceTree = "<group>"; };
		3A823C691E45143000A620BA /* AppDelegate.m */ = {isa = PBXFileReference; lastKnownFileType = sourcecode.c.objc; path = AppDelegate.m; sourceTree = "<group>"; };
		3A823C6B1E45143000A620BA /* ViewController.h */ = {isa = PBXFileReference; lastKnownFileType = sourcecode.c.h; path = ViewController.h; sourceTree = "<group>"; };
		3A823C6C1E45143000A620BA /* ViewController.m */ = {isa = PBXFileReference; lastKnownFileType = sourcecode.c.objc; path = ViewController.m; sourceTree = "<group>"; };
		3A823C6F1E45143000A620BA /* Base */ = {isa = PBXFileReference; lastKnownFileType = file.storyboard; name = Base; path = Base.lproj/Main.storyboard; sourceTree = "<group>"; };
		3A823C711E45143000A620BA /* Assets.xcassets */ = {isa = PBXFileReference; lastKnownFileType = folder.assetcatalog; path = Assets.xcassets; sourceTree = "<group>"; };
		3A823C741E45143000A620BA /* Base */ = {isa = PBXFileReference; lastKnownFileType = file.storyboard; name = Base; path = Base.lproj/LaunchScreen.storyboard; sourceTree = "<group>"; };
		3A823C761E45143000A620BA /* Info.plist */ = {isa = PBXFileReference; lastKnownFileType = text.plist.xml; path = Info.plist; sourceTree = "<group>"; };
/* End PBXFileReference section */

/* Begin PBXFrameworksBuildPhase section */
		3A823C5F1E45143000A620BA /* Frameworks */ = {
			isa = PBXFrameworksBuildPhase;
			buildActionMask = 2147483647;
			files = (
			);
			runOnlyForDeploymentPostprocessing = 0;
		};
/* End PBXFrameworksBuildPhase section */

/* Begin PBXGroup section */
		3A823C591E45143000A620BA = {
			isa = PBXGroup;
			children = (
				3A823C641E45143000A620BA /* Word Processor */,
				3A823C631E45143000A620BA /* Products */,
			);
			sourceTree = "<group>";
		};
		3A823C631E45143000A620BA /* Products */ = {
			isa = PBXGroup;
			children = (
				3A823C621E45143000A620BA /* Word Processor.app */,
			);
			name = Products;
			sourceTree = "<group>";
		};
		3A823C641E45143000A620BA /* Word Processor */ = {
			isa = PBXGroup;
			children = (
				3A823C681E45143000A620BA /* AppDelegate.h */,
				3A823C691E45143000A620BA /* AppDelegate.m */,
				3A823C6B1E45143000A620BA /* ViewController.h */,
				3A823C6C1E45143000A620BA /* ViewController.m */,
				3A823C6E1E45143000A620BA /* Main.storyboard */,
				3A823C711E45143000A620BA /* Assets.xcassets */,
				3A823C731E45143000A620BA /* LaunchScreen.storyboard */,
				3A823C761E45143000A620BA /* Info.plist */,
				3A823C651E45143000A620BA /* Supporting Files */,
			);
			path = "Word Processor";
			sourceTree = "<group>";
		};
		3A823C651E45143000A620BA /* Supporting Files */ = {
			isa = PBXGroup;
			children = (
				3A823C661E45143000A620BA /* main.m */,
			);
			name = "Supporting Files";
			sourceTree = "<group>";
		};
/* End PBXGroup section */

/* Begin PBXNativeTarget section */
		3A823C611E45143000A620BA /* Word Processor */ = {
			isa = PBXNativeTarget;
			buildConfigurationList = 3A823C791E45143000A620BA /* Build configuration list for PBXNativeTarget "Word Processor" */;
			buildPhases = (
				3A823C5E1E45143000A620BA /* Sources */,
				3A823C5F1E45143000A620BA /* Frameworks */,
				3A823C601E45143000A620BA /* Resources */,
			);
			buildRules = (
			);
			dependencies = (
			);
			name = "Word Processor";
			productName = "Word Processor";
			productReference = 3A823C621E45143000A620BA /* Word Processor.app */;
			productType = "com.apple.product-type.application";
		};
/* End PBXNativeTarget section */

/* Begin PBXProject section */
		3A823C5A1E45143000A620BA /* Project object */ = {
			isa = PBXProject;
			attributes = {
				LastUpgradeCheck = 0820;
				ORGANIZATIONNAME = "Hayden Goldman";
				TargetAttributes = {
					3A823C611E45143000A620BA = {
						CreatedOnToolsVersion = 8.2.1;
						DevelopmentTeam = 5UN8LHXK2J;
						ProvisioningStyle = Automatic;
					};
				};
			};
			buildConfigurationList = 3A823C5D1E45143000A620BA /* Build configuration list for PBXProject "Word Processor" */;
			compatibilityVersion = "Xcode 3.2";
			developmentRegion = English;
			hasScannedForEncodings = 0;
			knownRegions = (
				en,
				Base,
			);
			mainGroup = 3A823C591E45143000A620BA;
			productRefGroup = 3A823C631E45143000A620BA /* Products */;
			projectDirPath = "";
			projectRoot = "";
			targets = (
				3A823C611E45143000A620BA /* Word Processor */,
			);
		};
/* End PBXProject section */

/* Begin PBXResourcesBuildPhase section */
		3A823C601E45143000A620BA /* Resources */ = {
			isa = PBXResourcesBuildPhase;
			buildActionMask = 2147483647;
			files = (
				3A823C751E45143000A620BA /* LaunchScreen.storyboard in Resources */,
				3A823C721E45143000A620BA /* Assets.xcassets in Resources */,
				3A823C701E45143000A620BA /* Main.storyboard in Resources */,
			);
			runOnlyForDeploymentPostprocessing = 0;
		};
/* End PBXResourcesBuildPhase section */

/* Begin PBXSourcesBuildPhase section */
		3A823C5E1E45143000A620BA /* Sources */ = {
			isa = PBXSourcesBuildPhase;
			buildActionMask = 2147483647;
			files = (
				3A823C6D1E45143000A620BA /* ViewController.m in Sources */,
				3A823C6A1E45143000A620BA /* AppDelegate.m in Sources */,
				3A823C671E45143000A620BA /* main.m in Sources */,
			);
			runOnlyForDeploymentPostprocessing = 0;
		};
/* End PBXSourcesBuildPhase section */

/* Begin PBXVariantGroup section */
		3A823C6E1E45143000A620BA /* Main.storyboard */ = {
			isa = PBXVariantGroup;
			children = (
				3A823C6F1E45143000A620BA /* Base */,
			);
			name = Main.storyboard;
			sourceTree = "<group>";
		};
		3A823C731E45143000A620BA /* LaunchScreen.storyboard */ = {
			isa = PBXVariantGroup;
			children = (
				3A823C741E45143000A620BA /* Base */,
			);
			name = LaunchScreen.storyboard;
			sourceTree = "<group>";
		};
/* End PBXVariantGroup section */

/* Begin XCBuildConfiguration section */
		3A823C771E45143000A620BA /* Debug */ = {
			isa = XCBuildConfiguration;
			buildSettings = {
				ALWAYS_SEARCH_USER_PATHS = NO;
				CLANG_ANALYZER_NONNULL = YES;
				CLANG_CXX_LANGUAGE_STANDARD = "gnu++0x";
				CLANG_CXX_LIBRARY = "libc++";
				CLANG_ENABLE_MODULES = YES;
				CLANG_ENABLE_OBJC_ARC = YES;
				CLANG_WARN_BOOL_CONVERSION = YES;
				CLANG_WARN_CONSTANT_CONVERSION = YES;
				CLANG_WARN_DIRECT_OBJC_ISA_USAGE = YES_ERROR;
				CLANG_WARN_DOCUMENTATION_COMMENTS = YES;
				CLANG_WARN_EMPTY_BODY = YES;
				CLANG_WARN_ENUM_CONVERSION = YES;
				CLANG_WARN_INFINITE_RECURSION = YES;
				CLANG_WARN_INT_CONVERSION = YES;
				CLANG_WARN_OBJC_ROOT_CLASS = YES_ERROR;
				CLANG_WARN_SUSPICIOUS_MOVE = YES;
				CLANG_WARN_UNREACHABLE_CODE = YES;
				CLANG_WARN__DUPLICATE_METHOD_MATCH = YES;
				"CODE_SIGN_IDENTITY[sdk=iphoneos*]" = "iPhone Developer";
				COPY_PHASE_STRIP = NO;
				DEBUG_INFORMATION_FORMAT = dwarf;
				ENABLE_STRICT_OBJC_MSGSEND = YES;
				ENABLE_TESTABILITY = YES;
				GCC_C_LANGUAGE_STANDARD = gnu99;
				GCC_DYNAMIC_NO_PIC = NO;
				GCC_NO_COMMON_BLOCKS = YES;
				GCC_OPTIMIZATION_LEVEL = 0;
				GCC_PREPROCESSOR_DEFINITIONS = (
					"DEBUG=1",
					"$(inherited)",
				);
				GCC_WARN_64_TO_32_BIT_CONVERSION = YES;
				GCC_WARN_ABOUT_RETURN_TYPE = YES_ERROR;
				GCC_WARN_UNDECLARED_SELECTOR = YES;
				GCC_WARN_UNINITIALIZED_AUTOS = YES_AGGRESSIVE;
				GCC_WARN_UNUSED_FUNCTION = YES;
				GCC_WARN_UNUSED_VARIABLE = YES;
				IPHONEOS_DEPLOYMENT_TARGET = 10.2;
				MTL_ENABLE_DEBUG_INFO = YES;
				ONLY_ACTIVE_ARCH = YES;
				SDKROOT = iphoneos;
				TARGETED_DEVICE_FAMILY = "1,2";
			};
			name = Debug;
		};
		3A823C781E45143000A620BA /* Release */ = {
			isa = XCBuildConfiguration;
			buildSettings = {
				ALWAYS_SEARCH_USER_PATHS = NO;
				CLANG_ANALYZER_NONNULL = YES;
				CLANG_CXX_LANGUAGE_STANDARD = "gnu++0x";
				CLANG_CXX_LIBRARY = "libc++";
				CLANG_ENABLE_MODULES = YES;
				CLANG_ENABLE_OBJC_ARC = YES;
				CLANG_WARN_BOOL_CONVERSION = YES;
				CLANG_WARN_CONSTANT_CONVERSION = YES;
				CLANG_WARN_DIRECT_OBJC_ISA_USAGE = YES_ERROR;
				CLANG_WARN_DOCUMENTATION_COMMENTS = YES;
				CLANG_WARN_EMPTY_BODY = YES;
				CLANG_WARN_ENUM_CONVERSION = YES;
				CLANG_WARN_INFINITE_RECURSION = YES;
				CLANG_WARN_INT_CONVERSION = YES;
				CLANG_WARN_OBJC_ROOT_CLASS = YES_ERROR;
				CLANG_WARN_SUSPICIOUS_MOVE = YES;
				CLANG_WARN_UNREACHABLE_CODE = YES;
				CLANG_WARN__DUPLICATE_METHOD_MATCH = YES;
				"CODE_SIGN_IDENTITY[sdk=iphoneos*]" = "iPhone Developer";
				COPY_PHASE_STRIP = NO;
				DEBUG_INFORMATION_FORMAT = "dwarf-with-dsym";
				ENABLE_NS_ASSERTIONS = NO;
				ENABLE_STRICT_OBJC_MSGSEND = YES;
				GCC_C_LANGUAGE_STANDARD = gnu99;
				GCC_NO_COMMON_BLOCKS = YES;
				GCC_WARN_64_TO_32_BIT_CONVERSION = YES;
				GCC_WARN_ABOUT_RETURN_TYPE = YES_ERROR;
				GCC_WARN_UNDECLARED_SELECTOR = YES;
				GCC_WARN_UNINITIALIZED_AUTOS = YES_AGGRESSIVE;
				GCC_WARN_UNUSED_FUNCTION = YES;
				GCC_WARN_UNUSED_VARIABLE = YES;
				IPHONEOS_DEPLOYMENT_TARGET = 10.2;
				MTL_ENABLE_DEBUG_INFO = NO;
				SDKROOT = iphoneos;
				TARGETED_DEVICE_FAMILY = "1,2";
				VALIDATE_PRODUCT = YES;
			};
			name = Release;
		};
		3A823C7A1E45143000A620BA /* Debug */ = {
			isa = XCBuildConfiguration;
			buildSettings = {
				ASSETCATALOG_COMPILER_APPICON_NAME = AppIcon;
				DEVELOPMENT_TEAM = 5UN8LHXK2J;
				INFOPLIST_FILE = "Word Processor/Info.plist";
				LD_RUNPATH_SEARCH_PATHS = "$(inherited) @executable_path/Frameworks";
				PRODUCT_BUNDLE_IDENTIFIER = "goldman.Word-Processor";
				PRODUCT_NAME = "$(TARGET_NAME)";
			};
			name = Debug;
		};
		3A823C7B1E45143000A620BA /* Release */ = {
			isa = XCBuildConfiguration;
			buildSettings = {
				ASSETCATALOG_COMPILER_APPICON_NAME = AppIcon;
				DEVELOPMENT_TEAM = 5UN8LHXK2J;
				INFOPLIST_FILE = "Word Processor/Info.plist";
				LD_RUNPATH_SEARCH_PATHS = "$(inherited) @executable_path/Frameworks";
				PRODUCT_BUNDLE_IDENTIFIER = "goldman.Word-Processor";
				PRODUCT_NAME = "$(TARGET_NAME)";
			};
			name = Release;
		};
/* End XCBuildConfiguration section */

/* Begin XCConfigurationList section */
		3A823C5D1E45143000A620BA /* Build configuration list for PBXProject "Word Processor" */ = {
			isa = XCConfigurationList;
			buildConfigurations = (
				3A823C771E45143000A620BA /* Debug */,
				3A823C781E45143000A620BA /* Release */,
			);
			defaultConfigurationIsVisible = 0;
			defaultConfigurationName = Release;
		};
		3A823C791E45143000A620BA /* Build configuration list for PBXNativeTarget "Word Processor" */ = {
			isa = XCConfigurationList;
			buildConfigurations = (
				3A823C7A1E45143000A620BA /* Debug */,
				3A823C7B1E45143000A620BA /* Release */,
			);
			defaultConfigurationIsVisible = 0;
		};
/* End XCConfigurationList section */
	};
	rootObject = 3A823C5A1E45143000A620BA /* Project object */;
}
